
Microsoft Visual Studio Solution File, Format Version 12.00
# Visual Studio Version 16
VisualStudioVersion = 16.0.29009.5
MinimumVisualStudioVersion = 10.0.40219.1
Project("{FAE04EC0-301F-11D3-BF4B-00C04F79EFBC}") = "CarEvents.Android", "CarEvents\CarEvents.Android\CarEvents.Android.csproj", "{2D5E0408-FBC1-41B7-AB55-2F0CAAF512A3}"
EndProject
Project("{FAE04EC0-301F-11D3-BF4B-00C04F79EFBC}") = "CarEvents.iOS", "CarEvents\CarEvents.iOS\CarEvents.iOS.csproj", "{50E9CD02-983F-4EDB-8E7F-BD7FB20C3046}"
EndProject
Project("{FAE04EC0-301F-11D3-BF4B-00C04F79EFBC}") = "CarEvents", "CarEvents\CarEvents\CarEvents.csproj", "{2F06CB40-7A34-4872-8FB4-FE1A30BA85BB}"
EndProject
Project("{FAE04EC0-301F-11D3-BF4B-00C04F79EFBC}") = "CarEvents.Domain", "CarEvents.Domain\CarEvents.Domain.csproj", "{4AD0719E-8C95-461B-8BCE-715AF1160CD1}"
EndProject
Global
	GlobalSection(SolutionConfigurationPlatforms) = preSolution
		Debug|Any CPU = Debug|Any CPU
		Debug|iPhone = Debug|iPhone
		Debug|iPhoneSimulator = Debug|iPhoneSimulator
		Release|Any CPU = Release|Any CPU
		Release|iPhone = Release|iPhone
		Release|iPhoneSimulator = Release|iPhoneSimulator
	EndGlobalSection
	GlobalSection(ProjectConfigurationPlatforms) = postSolution
		{2D5E0408-FBC1-41B7-AB55-2F0CAAF512A3}.Debug|Any CPU.ActiveCfg = Debug|Any CPU
		{2D5E0408-FBC1-41B7-AB55-2F0CAAF512A3}.Debug|Any CPU.Build.0 = Debug|Any CPU
		{2D5E0408-FBC1-41B7-AB55-2F0CAAF512A3}.Debug|Any CPU.Deploy.0 = Debug|Any CPU
		{2D5E0408-FBC1-41B7-AB55-2F0CAAF512A3}.Debug|iPhone.ActiveCfg = Debug|Any CPU
		{2D5E0408-FBC1-41B7-AB55-2F0CAAF512A3}.Debug|iPhone.Build.0 = Debug|Any CPU
		{2D5E0408-FBC1-41B7-AB55-2F0CAAF512A3}.Debug|iPhone.Deploy.0 = Debug|Any CPU
		{2D5E0408-FBC1-41B7-AB55-2F0CAAF512A3}.Debug|iPhoneSimulator.ActiveCfg = Debug|Any CPU
		{2D5E0408-FBC1-41B7-AB55-2F0CAAF512A3}.Debug|iPhoneSimulator.Build.0 = Debug|Any CPU
		{2D5E0408-FBC1-41B7-AB55-2F0CAAF512A3}.Debug|iPhoneSimulator.Deploy.0 = Debug|Any CPU
		{2D5E0408-FBC1-41B7-AB55-2F0CAAF512A3}.Release|Any CPU.ActiveCfg = Release|Any CPU
		{2D5E0408-FBC1-41B7-AB55-2F0CAAF512A3}.Release|Any CPU.Build.0 = Release|Any CPU
		{2D5E0408-FBC1-41B7-AB55-2F0CAAF512A3}.Release|Any CPU.Deploy.0 = Release|Any CPU
		{2D5E0408-FBC1-41B7-AB55-2F0CAAF512A3}.Release|iPhone.ActiveCfg = Release|Any CPU
		{2D5E0408-FBC1-41B7-AB55-2F0CAAF512A3}.Release|iPhone.Build.0 = Release|Any CPU
		{2D5E0408-FBC1-41B7-AB55-2F0CAAF512A3}.Release|iPhone.Deploy.0 = Release|Any CPU
		{2D5E0408-FBC1-41B7-AB55-2F0CAAF512A3}.Release|iPhoneSimulator.ActiveCfg = Release|Any CPU
		{2D5E0408-FBC1-41B7-AB55-2F0CAAF512A3}.Release|iPhoneSimulator.Build.0 = Release|Any CPU
		{2D5E0408-FBC1-41B7-AB55-2F0CAAF512A3}.Release|iPhoneSimulator.Deploy.0 = Release|Any CPU
		{50E9CD02-983F-4EDB-8E7F-BD7FB20C3046}.Debug|Any CPU.ActiveCfg = Debug|iPhoneSimulator
		{50E9CD02-983F-4EDB-8E7F-BD7FB20C3046}.Debug|Any CPU.Build.0 = Debug|iPhoneSimulator
		{50E9CD02-983F-4EDB-8E7F-BD7FB20C3046}.Debug|Any CPU.Deploy.0 = Debug|iPhoneSimulator
		{50E9CD02-983F-4EDB-8E7F-BD7FB20C3046}.Debug|iPhone.ActiveCfg = Debug|iPhone
		{50E9CD02-983F-4EDB-8E7F-BD7FB20C3046}.Debug|iPhone.Build.0 = Debug|iPhone
		{50E9CD02-983F-4EDB-8E7F-BD7FB20C3046}.Debug|iPhone.Deploy.0 = Debug|iPhone
		{50E9CD02-983F-4EDB-8E7F-BD7FB20C3046}.Debug|iPhoneSimulator.ActiveCfg = Debug|iPhoneSimulator
		{50E9CD02-983F-4EDB-8E7F-BD7FB20C3046}.Debug|iPhoneSimulator.Build.0 = Debug|iPhoneSimulator
		{50E9CD02-983F-4EDB-8E7F-BD7FB20C3046}.Debug|iPhoneSimulator.Deploy.0 = Debug|iPhoneSimulator
		{50E9CD02-983F-4EDB-8E7F-BD7FB20C3046}.Release|Any CPU.ActiveCfg = Release|iPhone
		{50E9CD02-983F-4EDB-8E7F-BD7FB20C3046}.Release|Any CPU.Build.0 = Release|iPhone
		{50E9CD02-983F-4EDB-8E7F-BD7FB20C3046}.Release|Any CPU.Deploy.0 = Release|iPhone
		{50E9CD02-983F-4EDB-8E7F-BD7FB20C3046}.Release|iPhone.ActiveCfg = Release|iPhone
		{50E9CD02-983F-4EDB-8E7F-BD7FB20C3046}.Release|iPhone.Build.0 = Release|iPhone
		{50E9CD02-983F-4EDB-8E7F-BD7FB20C3046}.Release|iPhone.Deploy.0 = Release|iPhone
		{50E9CD02-983F-4EDB-8E7F-BD7FB20C3046}.Release|iPhoneSimulator.ActiveCfg = Release|iPhoneSimulator
		{50E9CD02-983F-4EDB-8E7F-BD7FB20C3046}.Release|iPhoneSimulator.Build.0 = Release|iPhoneSimulator
		{50E9CD02-983F-4EDB-8E7F-BD7FB20C3046}.Release|iPhoneSimulator.Deploy.0 = Release|iPhoneSimulator
		{2F06CB40-7A34-4872-8FB4-FE1A30BA85BB}.Debug|Any CPU.ActiveCfg = Debug|Any CPU
		{2F06CB40-7A34-4872-8FB4-FE1A30BA85BB}.Debug|Any CPU.Build.0 = Debug|Any CPU
		{2F06CB40-7A34-4872-8FB4-FE1A30BA85BB}.Debug|Any CPU.Deploy.0 = Debug|Any CPU
		{2F06CB40-7A34-4872-8FB4-FE1A30BA85BB}.Debug|iPhone.ActiveCfg = Debug|Any CPU
		{2F06CB40-7A34-4872-8FB4-FE1A30BA85BB}.Debug|iPhone.Build.0 = Debug|Any CPU
		{2F06CB40-7A34-4872-8FB4-FE1A30BA85BB}.Debug|iPhone.Deploy.0 = Debug|Any CPU
		{2F06CB40-7A34-4872-8FB4-FE1A30BA85BB}.Debug|iPhoneSimulator.ActiveCfg = Debug|Any CPU
		{2F06CB40-7A34-4872-8FB4-FE1A30BA85BB}.Debug|iPhoneSimulator.Build.0 = Debug|Any CPU
		{2F06CB40-7A34-4872-8FB4-FE1A30BA85BB}.Debug|iPhoneSimulator.Deploy.0 = Debug|Any CPU
		{2F06CB40-7A34-4872-8FB4-FE1A30BA85BB}.Release|Any CPU.ActiveCfg = Release|Any CPU
		{2F06CB40-7A34-4872-8FB4-FE1A30BA85BB}.Release|Any CPU.Build.0 = Release|Any CPU
		{2F06CB40-7A34-4872-8FB4-FE1A30BA85BB}.Release|Any CPU.Deploy.0 = Release|Any CPU
		{2F06CB40-7A34-4872-8FB4-FE1A30BA85BB}.Release|iPhone.ActiveCfg = Release|Any CPU
		{2F06CB40-7A34-4872-8FB4-FE1A30BA85BB}.Release|iPhone.Build.0 = Release|Any CPU
		{2F06CB40-7A34-4872-8FB4-FE1A30BA85BB}.Release|iPhone.Deploy.0 = Release|Any CPU
		{2F06CB40-7A34-4872-8FB4-FE1A30BA85BB}.Release|iPhoneSimulator.ActiveCfg = Release|Any CPU
		{2F06CB40-7A34-4872-8FB4-FE1A30BA85BB}.Release|iPhoneSimulator.Build.0 = Release|Any CPU
		{2F06CB40-7A34-4872-8FB4-FE1A30BA85BB}.Release|iPhoneSimulator.Deploy.0 = Release|Any CPU
		{4AD0719E-8C95-461B-8BCE-715AF1160CD1}.Debug|Any CPU.ActiveCfg = Debug|Any CPU
		{4AD0719E-8C95-461B-8BCE-715AF1160CD1}.Debug|Any CPU.Build.0 = Debug|Any CPU
		{4AD0719E-8C95-461B-8BCE-715AF1160CD1}.Debug|iPhone.ActiveCfg = Debug|Any CPU
		{4AD0719E-8C95-461B-8BCE-715AF1160CD1}.Debug|iPhone.Build.0 = Debug|Any CPU
		{4AD0719E-8C95-461B-8BCE-715AF1160CD1}.Debug|iPhoneSimulator.ActiveCfg = Debug|Any CPU
		{4AD0719E-8C95-461B-8BCE-715AF1160CD1}.Debug|iPhoneSimulator.Build.0 = Debug|Any CPU
		{4AD0719E-8C95-461B-8BCE-715AF1160CD1}.Release|Any CPU.ActiveCfg = Release|Any CPU
		{4AD0719E-8C95-461B-8BCE-715AF1160CD1}.Release|Any CPU.Build.0 = Release|Any CPU
		{4AD0719E-8C95-461B-8BCE-715AF1160CD1}.Release|iPhone.ActiveCfg = Release|Any CPU
		{4AD0719E-8C95-461B-8BCE-715AF1160CD1}.Release|iPhone.Build.0 = Release|Any CPU
		{4AD0719E-8C95-461B-8BCE-715AF1160CD1}.Release|iPhoneSimulator.ActiveCfg = Release|Any CPU
		{4AD0719E-8C95-461B-8BCE-715AF1160CD1}.Release|iPhoneSimulator.Build.0 = Release|Any CPU
	EndGlobalSection
	GlobalSection(SolutionProperties) = preSolution
		HideSolutionNode = FALSE
	EndGlobalSection
	GlobalSection(ExtensibilityGlobals) = postSolution
		SolutionGuid = {80FE2D22-C523-481D-BAD7-C282B803D60F}
	EndGlobalSection
EndGlobal
